
Microsoft Visual Studio Solution File, Format Version 12.00
# Visual Studio Version 17
VisualStudioVersion = 17.3.32929.385
MinimumVisualStudioVersion = 10.0.40219.1
Project("{FAE04EC0-301F-11D3-BF4B-00C04F79EFBC}") = "KutuphaneHi.Web", "KutuphaneHi.Web\KutuphaneHi.Web.csproj", "{017863CD-8BE6-4AB7-BF28-24FBC7C68EE2}"
EndProject
Project("{FAE04EC0-301F-11D3-BF4B-00C04F79EFBC}") = "KutuphaneHi.Models", "KutuphaneHi.Models\KutuphaneHi.Models.csproj", "{CACE2514-1973-4B59-87F9-706D067DE75B}"
EndProject
Project("{FAE04EC0-301F-11D3-BF4B-00C04F79EFBC}") = "KutuphaneHi.Data", "KutuphaneHi.Data\KutuphaneHi.Data.csproj", "{7D614DFF-7EA7-41B7-88AB-8C6C7FAF2170}"
EndProject
Global
	GlobalSection(SolutionConfigurationPlatforms) = preSolution
		Debug|Any CPU = Debug|Any CPU
		Release|Any CPU = Release|Any CPU
	EndGlobalSection
	GlobalSection(ProjectConfigurationPlatforms) = postSolution
		{017863CD-8BE6-4AB7-BF28-24FBC7C68EE2}.Debug|Any CPU.ActiveCfg = Debug|Any CPU
		{017863CD-8BE6-4AB7-BF28-24FBC7C68EE2}.Debug|Any CPU.Build.0 = Debug|Any CPU
		{017863CD-8BE6-4AB7-BF28-24FBC7C68EE2}.Release|Any CPU.ActiveCfg = Release|Any CPU
		{017863CD-8BE6-4AB7-BF28-24FBC7C68EE2}.Release|Any CPU.Build.0 = Release|Any CPU
		{CACE2514-1973-4B59-87F9-706D067DE75B}.Debug|Any CPU.ActiveCfg = Debug|Any CPU
		{CACE2514-1973-4B59-87F9-706D067DE75B}.Debug|Any CPU.Build.0 = Debug|Any CPU
		{CACE2514-1973-4B59-87F9-706D067DE75B}.Release|Any CPU.ActiveCfg = Release|Any CPU
		{CACE2514-1973-4B59-87F9-706D067DE75B}.Release|Any CPU.Build.0 = Release|Any CPU
		{7D614DFF-7EA7-41B7-88AB-8C6C7FAF2170}.Debug|Any CPU.ActiveCfg = Debug|Any CPU
		{7D614DFF-7EA7-41B7-88AB-8C6C7FAF2170}.Debug|Any CPU.Build.0 = Debug|Any CPU
		{7D614DFF-7EA7-41B7-88AB-8C6C7FAF2170}.Release|Any CPU.ActiveCfg = Release|Any CPU
		{7D614DFF-7EA7-41B7-88AB-8C6C7FAF2170}.Release|Any CPU.Build.0 = Release|Any CPU
	EndGlobalSection
	GlobalSection(SolutionProperties) = preSolution
		HideSolutionNode = FALSE
	EndGlobalSection
	GlobalSection(ExtensibilityGlobals) = postSolution
		SolutionGuid = {5E922A04-F611-4FBD-8721-A074634BF586}
	EndGlobalSection
EndGlobal
